
Microsoft Visual Studio Solution File, Format Version 12.00
# Visual Studio Version 16
VisualStudioVersion = 16.0.29920.165
MinimumVisualStudioVersion = 10.0.40219.1
Project("{9A19103F-16F7-4668-BE54-9A1E7A4F7556}") = "Password.Api", "Password.Api\Password.Api.csproj", "{5E122A32-D803-415C-8F06-81029F561621}"
EndProject
Project("{9A19103F-16F7-4668-BE54-9A1E7A4F7556}") = "Password.Domain", "Password.Domain\Password.Domain.csproj", "{0F23536A-506E-4E2E-B407-D66D5371A768}"
EndProject
Project("{9A19103F-16F7-4668-BE54-9A1E7A4F7556}") = "Password.Tests", "Password.Tests\Password.Tests.csproj", "{2812E0AF-ACDA-459B-B139-0D4008FD5708}"
EndProject
Project("{E53339B2-1760-4266-BCC7-CA923CBCF16C}") = "docker-compose", "Password.Docker\docker-compose.dcproj", "{A2EB4992-E80F-4DFC-954C-D601A47222CE}"
EndProject
Global
	GlobalSection(SolutionConfigurationPlatforms) = preSolution
		Debug|Any CPU = Debug|Any CPU
		Release|Any CPU = Release|Any CPU
	EndGlobalSection
	GlobalSection(ProjectConfigurationPlatforms) = postSolution
		{5E122A32-D803-415C-8F06-81029F561621}.Debug|Any CPU.ActiveCfg = Debug|Any CPU
		{5E122A32-D803-415C-8F06-81029F561621}.Debug|Any CPU.Build.0 = Debug|Any CPU
		{5E122A32-D803-415C-8F06-81029F561621}.Release|Any CPU.ActiveCfg = Release|Any CPU
		{5E122A32-D803-415C-8F06-81029F561621}.Release|Any CPU.Build.0 = Release|Any CPU
		{0F23536A-506E-4E2E-B407-D66D5371A768}.Debug|Any CPU.ActiveCfg = Debug|Any CPU
		{0F23536A-506E-4E2E-B407-D66D5371A768}.Debug|Any CPU.Build.0 = Debug|Any CPU
		{0F23536A-506E-4E2E-B407-D66D5371A768}.Release|Any CPU.ActiveCfg = Release|Any CPU
		{0F23536A-506E-4E2E-B407-D66D5371A768}.Release|Any CPU.Build.0 = Release|Any CPU
		{2812E0AF-ACDA-459B-B139-0D4008FD5708}.Debug|Any CPU.ActiveCfg = Debug|Any CPU
		{2812E0AF-ACDA-459B-B139-0D4008FD5708}.Debug|Any CPU.Build.0 = Debug|Any CPU
		{2812E0AF-ACDA-459B-B139-0D4008FD5708}.Release|Any CPU.ActiveCfg = Release|Any CPU
		{2812E0AF-ACDA-459B-B139-0D4008FD5708}.Release|Any CPU.Build.0 = Release|Any CPU
		{A2EB4992-E80F-4DFC-954C-D601A47222CE}.Debug|Any CPU.ActiveCfg = Debug|Any CPU
		{A2EB4992-E80F-4DFC-954C-D601A47222CE}.Debug|Any CPU.Build.0 = Debug|Any CPU
		{A2EB4992-E80F-4DFC-954C-D601A47222CE}.Release|Any CPU.ActiveCfg = Release|Any CPU
		{A2EB4992-E80F-4DFC-954C-D601A47222CE}.Release|Any CPU.Build.0 = Release|Any CPU
	EndGlobalSection
	GlobalSection(SolutionProperties) = preSolution
		HideSolutionNode = FALSE
	EndGlobalSection
	GlobalSection(ExtensibilityGlobals) = postSolution
		SolutionGuid = {21086EDD-69E5-4A8D-8C2F-6D9BAB5D3781}
	EndGlobalSection
EndGlobal
